
Microsoft Visual Studio Solution File, Format Version 12.00
# Visual Studio Version 17
VisualStudioVersion = 17.5.2.0
MinimumVisualStudioVersion = 10.0.40219.1
Project("{FAE04EC0-301F-11D3-BF4B-00C04F79EFBC}") = "api", "api\api.csproj", "{CBFA08EA-AECE-205F-7B85-326FD0B81BAD}"
EndProject
Project("{FAE04EC0-301F-11D3-BF4B-00C04F79EFBC}") = "api.tests", "api.tests\api.tests.csproj", "{9CE1789F-CD4E-4513-9965-157434FE043D}"
EndProject
Global
	GlobalSection(SolutionConfigurationPlatforms) = preSolution
		Debug|Any CPU = Debug|Any CPU
		Debug|x64 = Debug|x64
		Debug|x86 = Debug|x86
		Release|Any CPU = Release|Any CPU
		Release|x64 = Release|x64
		Release|x86 = Release|x86
	EndGlobalSection
	GlobalSection(ProjectConfigurationPlatforms) = postSolution
		{CBFA08EA-AECE-205F-7B85-326FD0B81BAD}.Debug|Any CPU.ActiveCfg = Debug|Any CPU
		{CBFA08EA-AECE-205F-7B85-326FD0B81BAD}.Debug|Any CPU.Build.0 = Debug|Any CPU
		{CBFA08EA-AECE-205F-7B85-326FD0B81BAD}.Debug|x64.ActiveCfg = Debug|Any CPU
		{CBFA08EA-AECE-205F-7B85-326FD0B81BAD}.Debug|x64.Build.0 = Debug|Any CPU
		{CBFA08EA-AECE-205F-7B85-326FD0B81BAD}.Debug|x86.ActiveCfg = Debug|Any CPU
		{CBFA08EA-AECE-205F-7B85-326FD0B81BAD}.Debug|x86.Build.0 = Debug|Any CPU
		{CBFA08EA-AECE-205F-7B85-326FD0B81BAD}.Release|Any CPU.ActiveCfg = Release|Any CPU
		{CBFA08EA-AECE-205F-7B85-326FD0B81BAD}.Release|Any CPU.Build.0 = Release|Any CPU
		{CBFA08EA-AECE-205F-7B85-326FD0B81BAD}.Release|x64.ActiveCfg = Release|Any CPU
		{CBFA08EA-AECE-205F-7B85-326FD0B81BAD}.Release|x64.Build.0 = Release|Any CPU
		{CBFA08EA-AECE-205F-7B85-326FD0B81BAD}.Release|x86.ActiveCfg = Release|Any CPU
		{CBFA08EA-AECE-205F-7B85-326FD0B81BAD}.Release|x86.Build.0 = Release|Any CPU
		{9CE1789F-CD4E-4513-9965-157434FE043D}.Debug|Any CPU.ActiveCfg = Debug|Any CPU
		{9CE1789F-CD4E-4513-9965-157434FE043D}.Debug|Any CPU.Build.0 = Debug|Any CPU
		{9CE1789F-CD4E-4513-9965-157434FE043D}.Debug|x64.ActiveCfg = Debug|Any CPU
		{9CE1789F-CD4E-4513-9965-157434FE043D}.Debug|x64.Build.0 = Debug|Any CPU
		{9CE1789F-CD4E-4513-9965-157434FE043D}.Debug|x86.ActiveCfg = Debug|Any CPU
		{9CE1789F-CD4E-4513-9965-157434FE043D}.Debug|x86.Build.0 = Debug|Any CPU
		{9CE1789F-CD4E-4513-9965-157434FE043D}.Release|Any CPU.ActiveCfg = Release|Any CPU
		{9CE1789F-CD4E-4513-9965-157434FE043D}.Release|Any CPU.Build.0 = Release|Any CPU
		{9CE1789F-CD4E-4513-9965-157434FE043D}.Release|x64.ActiveCfg = Release|Any CPU
		{9CE1789F-CD4E-4513-9965-157434FE043D}.Release|x64.Build.0 = Release|Any CPU
		{9CE1789F-CD4E-4513-9965-157434FE043D}.Release|x86.ActiveCfg = Release|Any CPU
		{9CE1789F-CD4E-4513-9965-157434FE043D}.Release|x86.Build.0 = Release|Any CPU
	EndGlobalSection
	GlobalSection(SolutionProperties) = preSolution
		HideSolutionNode = FALSE
	EndGlobalSection
	GlobalSection(ExtensibilityGlobals) = postSolution
		SolutionGuid = {662184C8-749B-4DB2-9488-429A44D76B0F}
	EndGlobalSection
EndGlobal
