Microsoft Visual Studio Solution File, Format Version 12.00
# Visual Studio Version 17
VisualStudioVersion = 17.5.2.0
MinimumVisualStudioVersion = 10.0.40219.1
Project("{FAE04EC0-301F-11D3-BF4B-00C04F79EFBC}") = "api", "api\api.csproj", "{CBFA08EA-AECE-205F-7B85-326FD0B81BAD}"
EndProject
Project("{2150E333-8FDC-42A3-9474-1A3956D46DE8}") = "api (1)", "api (1)", "{B20CCA06-B634-C28E-E7D0-C52C8365F80D}"
EndProject
Project("{2150E333-8FDC-42A3-9474-1A3956D46DE8}") = "obj", "obj", "{7C11CF13-9A22-6A48-E4FF-F8F36F2F3F97}"
EndProject
Project("{2150E333-8FDC-42A3-9474-1A3956D46DE8}") = "Debug", "Debug", "{EA09D1C8-4948-1500-7099-1DD5B06C87A0}"
EndProject
Project("{2150E333-8FDC-42A3-9474-1A3956D46DE8}") = "net9.0", "net9.0", "{5AEF9DFD-3FC5-D1BE-525F-EB4149015FEE}"
EndProject
Project("{FAE04EC0-301F-11D3-BF4B-00C04F79EFBC}") = "WorkerExtensions", "api\obj\Debug\net9.0\WorkerExtensions\WorkerExtensions.csproj", "{0FCB2503-1709-FBC4-6C3B-077E40CF6D20}"
EndProject
Global
	GlobalSection(SolutionConfigurationPlatforms) = preSolution
		Debug|Any CPU = Debug|Any CPU
		Release|Any CPU = Release|Any CPU
	EndGlobalSection
	GlobalSection(ProjectConfigurationPlatforms) = postSolution
		{CBFA08EA-AECE-205F-7B85-326FD0B81BAD}.Debug|Any CPU.ActiveCfg = Debug|Any CPU
		{CBFA08EA-AECE-205F-7B85-326FD0B81BAD}.Debug|Any CPU.Build.0 = Debug|Any CPU
		{CBFA08EA-AECE-205F-7B85-326FD0B81BAD}.Release|Any CPU.ActiveCfg = Release|Any CPU
		{CBFA08EA-AECE-205F-7B85-326FD0B81BAD}.Release|Any CPU.Build.0 = Release|Any CPU
		{0FCB2503-1709-FBC4-6C3B-077E40CF6D20}.Debug|Any CPU.ActiveCfg = Debug|Any CPU
		{0FCB2503-1709-FBC4-6C3B-077E40CF6D20}.Debug|Any CPU.Build.0 = Debug|Any CPU
		{0FCB2503-1709-FBC4-6C3B-077E40CF6D20}.Release|Any CPU.ActiveCfg = Release|Any CPU
		{0FCB2503-1709-FBC4-6C3B-077E40CF6D20}.Release|Any CPU.Build.0 = Release|Any CPU
	EndGlobalSection
	GlobalSection(SolutionProperties) = preSolution
		HideSolutionNode = FALSE
	EndGlobalSection
	GlobalSection(NestedProjects) = preSolution
		{7C11CF13-9A22-6A48-E4FF-F8F36F2F3F97} = {B20CCA06-B634-C28E-E7D0-C52C8365F80D}
		{EA09D1C8-4948-1500-7099-1DD5B06C87A0} = {7C11CF13-9A22-6A48-E4FF-F8F36F2F3F97}
		{5AEF9DFD-3FC5-D1BE-525F-EB4149015FEE} = {EA09D1C8-4948-1500-7099-1DD5B06C87A0}
		{0FCB2503-1709-FBC4-6C3B-077E40CF6D20} = {5AEF9DFD-3FC5-D1BE-525F-EB4149015FEE}
	EndGlobalSection
	GlobalSection(ExtensibilityGlobals) = postSolution
		SolutionGuid = {662184C8-749B-4DB2-9488-429A44D76B0F}
	EndGlobalSection
EndGlobal
